
Microsoft Visual Studio Solution File, Format Version 12.00
# Visual Studio Version 17
VisualStudioVersion = 17.3.32901.215
MinimumVisualStudioVersion = 10.0.40219.1
Project("{FAE04EC0-301F-11D3-BF4B-00C04F79EFBC}") = "PasientRegistration", "PasientRegistration\PasientRegistration.csproj", "{B9C89126-5E49-4340-AA39-B329D89AB54D}"
EndProject
Global
	GlobalSection(SolutionConfigurationPlatforms) = preSolution
		Debug|Any CPU = Debug|Any CPU
		Release|Any CPU = Release|Any CPU
	EndGlobalSection
	GlobalSection(ProjectConfigurationPlatforms) = postSolution
		{B9C89126-5E49-4340-AA39-B329D89AB54D}.Debug|Any CPU.ActiveCfg = Debug|Any CPU
		{B9C89126-5E49-4340-AA39-B329D89AB54D}.Debug|Any CPU.Build.0 = Debug|Any CPU
		{B9C89126-5E49-4340-AA39-B329D89AB54D}.Release|Any CPU.ActiveCfg = Release|Any CPU
		{B9C89126-5E49-4340-AA39-B329D89AB54D}.Release|Any CPU.Build.0 = Release|Any CPU
	EndGlobalSection
	GlobalSection(SolutionProperties) = preSolution
		HideSolutionNode = FALSE
	EndGlobalSection
	GlobalSection(ExtensibilityGlobals) = postSolution
		SolutionGuid = {14648E97-1353-4104-AB6D-A81DAF80F606}
	EndGlobalSection
EndGlobal
